
Microsoft Visual Studio Solution File, Format Version 12.00
# Visual Studio 14
VisualStudioVersion = 14.0.23107.0
MinimumVisualStudioVersion = 10.0.40219.1
Project("{FAE04EC0-301F-11D3-BF4B-00C04F79EFBC}") = "SystemStatus.Domain", "SystemStatus.Domain\SystemStatus.Domain.csproj", "{A24B5D7B-6146-471A-AED0-3EABFF59986B}"
EndProject
Project("{FAE04EC0-301F-11D3-BF4B-00C04F79EFBC}") = "SystemStatus.Agent", "SystemStatus.Agent\SystemStatus.Agent.csproj", "{E5663022-13EC-4F57-9BC7-9964D75D839A}"
EndProject
Project("{FAE04EC0-301F-11D3-BF4B-00C04F79EFBC}") = "SystemStatus.Web", "SystemStatus.Web\SystemStatus.Web.csproj", "{796427A4-77E0-46CB-A7AB-9F799F0D2357}"
EndProject
Project("{2150E333-8FDC-42A3-9474-1A3956D46DE8}") = ".nuget", ".nuget", "{EDD5D99E-4C49-4F2C-841F-A8B3FA85AA75}"
	ProjectSection(SolutionItems) = preProject
		.nuget\NuGet.Config = .nuget\NuGet.Config
		.nuget\NuGet.exe = .nuget\NuGet.exe
		.nuget\NuGet.targets = .nuget\NuGet.targets
	EndProjectSection
EndProject
Project("{FAE04EC0-301F-11D3-BF4B-00C04F79EFBC}") = "SystemStatus.Agent.WindowsService", "SystemStatus.Agent.WindowsService\SystemStatus.Agent.WindowsService.csproj", "{D6575F7F-FC08-4860-BE1E-EE5DA901BB74}"
EndProject
Global
	GlobalSection(SolutionConfigurationPlatforms) = preSolution
		Debug|Any CPU = Debug|Any CPU
		Release|Any CPU = Release|Any CPU
	EndGlobalSection
	GlobalSection(ProjectConfigurationPlatforms) = postSolution
		{A24B5D7B-6146-471A-AED0-3EABFF59986B}.Debug|Any CPU.ActiveCfg = Debug|Any CPU
		{A24B5D7B-6146-471A-AED0-3EABFF59986B}.Debug|Any CPU.Build.0 = Debug|Any CPU
		{A24B5D7B-6146-471A-AED0-3EABFF59986B}.Release|Any CPU.ActiveCfg = Release|Any CPU
		{A24B5D7B-6146-471A-AED0-3EABFF59986B}.Release|Any CPU.Build.0 = Release|Any CPU
		{E5663022-13EC-4F57-9BC7-9964D75D839A}.Debug|Any CPU.ActiveCfg = Debug|Any CPU
		{E5663022-13EC-4F57-9BC7-9964D75D839A}.Debug|Any CPU.Build.0 = Debug|Any CPU
		{E5663022-13EC-4F57-9BC7-9964D75D839A}.Release|Any CPU.ActiveCfg = Release|Any CPU
		{E5663022-13EC-4F57-9BC7-9964D75D839A}.Release|Any CPU.Build.0 = Release|Any CPU
		{796427A4-77E0-46CB-A7AB-9F799F0D2357}.Debug|Any CPU.ActiveCfg = Debug|Any CPU
		{796427A4-77E0-46CB-A7AB-9F799F0D2357}.Debug|Any CPU.Build.0 = Debug|Any CPU
		{796427A4-77E0-46CB-A7AB-9F799F0D2357}.Release|Any CPU.ActiveCfg = Release|Any CPU
		{796427A4-77E0-46CB-A7AB-9F799F0D2357}.Release|Any CPU.Build.0 = Release|Any CPU
		{D6575F7F-FC08-4860-BE1E-EE5DA901BB74}.Debug|Any CPU.ActiveCfg = Debug|Any CPU
		{D6575F7F-FC08-4860-BE1E-EE5DA901BB74}.Debug|Any CPU.Build.0 = Debug|Any CPU
		{D6575F7F-FC08-4860-BE1E-EE5DA901BB74}.Release|Any CPU.ActiveCfg = Release|Any CPU
		{D6575F7F-FC08-4860-BE1E-EE5DA901BB74}.Release|Any CPU.Build.0 = Release|Any CPU
	EndGlobalSection
	GlobalSection(SolutionProperties) = preSolution
		HideSolutionNode = FALSE
	EndGlobalSection
EndGlobal
